<?xml version="1.0" encoding="utf-8"?>
<Project ToolsVersion="4.0" xmlns="http://schemas.microsoft.com/developer/msbuild/2003">
  <ItemGroup>
    <Filter Include="Source Files">
      <UniqueIdentifier>{4FC737F1-C7A5-4376-A066-2A32D752A2FF}</UniqueIdentifier>
      <Extensions>cpp;c;cc;cxx;def;odl;idl;hpj;bat;asm;asmx</Extensions>
    </Filter>
    <Filter Include="Header Files">
      <UniqueIdentifier>{93995380-89BD-4b04-88EB-625FBE52EBFB}</UniqueIdentifier>
      <Extensions>h;hpp;hxx;hm;inl;inc;xsd</Extensions>
    </Filter>
    <Filter Include="Resource Files">
      <UniqueIdentifier>{67DA6AB6-F800-4c08-8B7A-83BB121AAD01}</UniqueIdentifier>
      <Extensions>rc;ico;cur;bmp;dlg;rc2;rct;bin;rgs;gif;jpg;jpeg;jpe;resx;tiff;tif;png;wav;mfcribbon-ms</Extensions>
    </Filter>
    <Filter Include="Header Files\gfx">
      <UniqueIdentifier>{f726114b-cd8d-4a8d-997c-01f0d3d7a4af}</UniqueIdentifier>
    </Filter>
    <Filter Include="Source Files\gfx">
      <UniqueIdentifier>{5577f7b4-dd31-4d77-9d59-e0fe017b7433}</UniqueIdentifier>
    </Filter>
    <Filter Include="Header Files\io">
      <UniqueIdentifier>{0159b098-3bee-4b10-bc77-d638770245d1}</UniqueIdentifier>
    </Filter>
    <Filter Include="Source Files\io">
      <UniqueIdentifier>{4f762a32-019c-42e5-b3c7-e41b6c4c69ef}</UniqueIdentifier>
    </Filter>
    <Filter Include="Header Files\ui">
      <UniqueIdentifier>{cba61d77-94d7-45bd-be33-6612a2c326f3}</UniqueIdentifier>
    </Filter>
    <Filter Include="Source Files\ui">
      <UniqueIdentifier>{22edd822-ccd0-4715-89ff-da7b5d212b2e}</UniqueIdentifier>
    </Filter>
    <Filter Include="Header Files\phys">
      <UniqueIdentifier>{ef9cdba5-5268-436d-9d1d-3ba272bd9220}</UniqueIdentifier>
    </Filter>
    <Filter Include="Source Files\phys">
      <UniqueIdentifier>{a92ba8f9-4d30-4d90-9b09-040596054d0e}</UniqueIdentifier>
    </Filter>
    <Filter Include="Header Files\light">
      <UniqueIdentifier>{6bbd7fb1-6f91-42c5-813c-165a7e48b2d0}</UniqueIdentifier>
    </Filter>
    <Filter Include="Source Files\light">
      <UniqueIdentifier>{554f17a2-e874-4981-98b0-4f3ddf8d07e7}</UniqueIdentifier>
    </Filter>
  </ItemGroup>
  <ItemGroup>
    <ClInclude Include="main.h">
      <Filter>Header Files</Filter>
    </ClInclude>
    <ClInclude Include="AtlasSprite.h">
      <Filter>Header Files\gfx</Filter>
    </ClInclude>
    <ClInclude Include="Camera2D.h">
      <Filter>Header Files\gfx</Filter>
    </ClInclude>
    <ClInclude Include="Collision.h">
      <Filter>Header Files\phys</Filter>
    </ClInclude>
    <ClInclude Include="FileHelper.h">
      <Filter>Header Files\io</Filter>
    </ClInclude>
    <ClInclude Include="GLColors.h">
      <Filter>Header Files\gfx</Filter>
    </ClInclude>
    <ClInclude Include="GLHandler.h">
      <Filter>Header Files\gfx</Filter>
    </ClInclude>
    <ClInclude Include="KeyHandler.h">
      <Filter>Header Files\io</Filter>
    </ClInclude>
    <ClInclude Include="LightScreen.h">
      <Filter>Header Files\ui</Filter>
    </ClInclude>
    <ClInclude Include="MouseHandler.h">
      <Filter>Header Files\io</Filter>
    </ClInclude>
    <ClInclude Include="Point.h">
      <Filter>Header Files\phys</Filter>
    </ClInclude>
    <ClInclude Include="Rec.h">
      <Filter>Header Files\phys</Filter>
    </ClInclude>
    <ClInclude Include="Sprite.h">
      <Filter>Header Files\gfx</Filter>
    </ClInclude>
    <ClInclude Include="TextRender.h">
      <Filter>Header Files\ui</Filter>
    </ClInclude>
    <ClInclude Include="TextureAtlas.h">
      <Filter>Header Files\gfx</Filter>
    </ClInclude>
    <ClInclude Include="UIValueSlider.h">
      <Filter>Header Files\ui</Filter>
    </ClInclude>
    <ClInclude Include="UIButton.h">
      <Filter>Header Files\ui</Filter>
    </ClInclude>
    <ClInclude Include="UICheckbox.h">
      <Filter>Header Files\ui</Filter>
    </ClInclude>
    <ClInclude Include="UILabel.h">
      <Filter>Header Files\ui</Filter>
    </ClInclude>
    <ClInclude Include="UIObject.h">
      <Filter>Header Files\ui</Filter>
    </ClInclude>
    <ClInclude Include="UIScreen.h">
      <Filter>Header Files\ui</Filter>
    </ClInclude>
    <ClInclude Include="UITransitionObject.h">
      <Filter>Header Files\ui</Filter>
    </ClInclude>
    <ClInclude Include="VertCordGenerator.h">
      <Filter>Header Files\gfx</Filter>
    </ClInclude>
    <ClInclude Include="LightMap.h">
      <Filter>Header Files\light</Filter>
    </ClInclude>
    <ClInclude Include="Box.h">
      <Filter>Header Files\light</Filter>
    </ClInclude>
    <ClInclude Include="BoxHandler.h">
      <Filter>Header Files\light</Filter>
    </ClInclude>
    <ClInclude Include="UIAtlas.h">
      <Filter>Header Files\gfx</Filter>
    </ClInclude>
    <ClInclude Include="Seg.h">
      <Filter>Header Files\phys</Filter>
    </ClInclude>
    <ClInclude Include="Seg2.h">
      <Filter>Header Files\phys</Filter>
    </ClInclude>
  </ItemGroup>
  <ItemGroup>
    <ClCompile Include="main.cpp">
      <Filter>Source Files</Filter>
    </ClCompile>
    <ClCompile Include="AtlasSprite.cpp">
      <Filter>Source Files\gfx</Filter>
    </ClCompile>
    <ClCompile Include="Camera2D.cpp">
      <Filter>Source Files\gfx</Filter>
    </ClCompile>
    <ClCompile Include="GLColors.cpp">
      <Filter>Source Files\gfx</Filter>
    </ClCompile>
    <ClCompile Include="GLHandler.cpp">
      <Filter>Source Files\gfx</Filter>
    </ClCompile>
    <ClCompile Include="Sprite.cpp">
      <Filter>Source Files\gfx</Filter>
    </ClCompile>
    <ClCompile Include="TextRender.cpp">
      <Filter>Source Files\gfx</Filter>
    </ClCompile>
    <ClCompile Include="TextureAtlas.cpp">
      <Filter>Source Files\gfx</Filter>
    </ClCompile>
    <ClCompile Include="Collision.cpp">
      <Filter>Source Files\phys</Filter>
    </ClCompile>
    <ClCompile Include="Point.cpp">
      <Filter>Source Files\phys</Filter>
    </ClCompile>
    <ClCompile Include="Rec.cpp">
      <Filter>Source Files\phys</Filter>
    </ClCompile>
    <ClCompile Include="FileHelper.cpp">
      <Filter>Source Files\io</Filter>
    </ClCompile>
    <ClCompile Include="KeyHandler.cpp">
      <Filter>Source Files\io</Filter>
    </ClCompile>
    <ClCompile Include="MouseHandler.cpp">
      <Filter>Source Files\io</Filter>
    </ClCompile>
    <ClCompile Include="VertCordGenerator.cpp">
      <Filter>Source Files\gfx</Filter>
    </ClCompile>
    <ClCompile Include="UIValueSlider.cpp">
      <Filter>Source Files\ui</Filter>
    </ClCompile>
    <ClCompile Include="UIButton.cpp">
      <Filter>Source Files\ui</Filter>
    </ClCompile>
    <ClCompile Include="UICheckbox.cpp">
      <Filter>Source Files\ui</Filter>
    </ClCompile>
    <ClCompile Include="UILabel.cpp">
      <Filter>Source Files\ui</Filter>
    </ClCompile>
    <ClCompile Include="UIObject.cpp">
      <Filter>Source Files\ui</Filter>
    </ClCompile>
    <ClCompile Include="UIScreen.cpp">
      <Filter>Source Files\ui</Filter>
    </ClCompile>
    <ClCompile Include="UITransitionObject.cpp">
      <Filter>Source Files\ui</Filter>
    </ClCompile>
    <ClCompile Include="LightScreen.cpp">
      <Filter>Source Files\ui</Filter>
    </ClCompile>
    <ClCompile Include="LightMap.cpp">
      <Filter>Source Files\light</Filter>
    </ClCompile>
    <ClCompile Include="Box.cpp">
      <Filter>Source Files\light</Filter>
    </ClCompile>
    <ClCompile Include="BoxHandler.cpp">
      <Filter>Source Files\light</Filter>
    </ClCompile>
    <ClCompile Include="UIAtlas.cpp">
      <Filter>Source Files\gfx</Filter>
    </ClCompile>
    <ClCompile Include="Seg.cpp">
      <Filter>Source Files\phys</Filter>
    </ClCompile>
    <ClCompile Include="Seg2.cpp">
      <Filter>Source Files\phys</Filter>
    </ClCompile>
  </ItemGroup>
</Project>